[[package]]
name = "dtoa"
version = "0.4.2"
source = "registry+https://github.com/rust-lang/crates.io-index"

[[package]]
name = "itoa"
version = "0.4.1"
source = "registry+https://github.com/rust-lang/crates.io-index"

[[package]]
name = "num-traits"
version = "0.2.2"
source = "registry+https://github.com/rust-lang/crates.io-index"

[[package]]
name = "serde"
version = "1.0.41"
source = "registry+https://github.com/rust-lang/crates.io-index"

[[package]]
name = "serde_json"
version = "1.0.15"
source = "registry+https://github.com/rust-lang/crates.io-index"
dependencies = [
 "dtoa 0.4.2 (registry+https://github.com/rust-lang/crates.io-index)",
 "itoa 0.4.1 (registry+https://github.com/rust-lang/crates.io-index)",
 "num-traits 0.2.2 (registry+https://github.com/rust-lang/crates.io-index)",
 "serde 1.0.41 (registry+https://github.com/rust-lang/crates.io-index)",
]

[[package]]
name = "simple-state-machine"
version = "0.1.0"
dependencies = [
 "stdweb 0.3.0 (registry+https://github.com/rust-lang/crates.io-index)",
]

[[package]]
name = "stdweb"
version = "0.3.0"
source = "registry+https://github.com/rust-lang/crates.io-index"
dependencies = [
 "serde 1.0.41 (registry+https://github.com/rust-lang/crates.io-index)",
 "serde_json 1.0.15 (registry+https://github.com/rust-lang/crates.io-index)",
]

[metadata]
"checksum dtoa 0.4.2 (registry+https://github.com/rust-lang/crates.io-index)" = "09c3753c3db574d215cba4ea76018483895d7bff25a31b49ba45db21c48e50ab"
"checksum itoa 0.4.1 (registry+https://github.com/rust-lang/crates.io-index)" = "c069bbec61e1ca5a596166e55dfe4773ff745c3d16b700013bcaff9a6df2c682"
"checksum num-traits 0.2.2 (registry+https://github.com/rust-lang/crates.io-index)" = "dee092fcdf725aee04dd7da1d21debff559237d49ef1cb3e69bcb8ece44c7364"
"checksum serde 1.0.41 (registry+https://github.com/rust-lang/crates.io-index)" = "5f751e9d57bd42502e4362b2d84f916ed9578e9a1a46852dcdeb6f91f6de7c14"
"checksum serde_json 1.0.15 (registry+https://github.com/rust-lang/crates.io-index)" = "7bf1cbb1387028a13739cb018ee0d9b3db534f22ca3c84a5904f7eadfde14e75"
"checksum stdweb 0.3.0 (registry+https://github.com/rust-lang/crates.io-index)" = "7b9c504d47623c911c70686c17a3321a3400942e57970d2a2959a7b3b2ade630"
